dependencies:
- name: memcached
  repository: oci://registry-1.docker.io/bitnamicharts
  version: 7.4.16
- name: rabbitmq
  repository: oci://registry-1.docker.io/bitnamicharts
  version: 14.7.0
- name: redis
  repository: oci://registry-1.docker.io/bitnamicharts
  version: 20.1.4
- name: postgresql
  repository: oci://registry-1.docker.io/bitnamicharts
  version: 15.5.32
digest: sha256:511a69dac54b26810b3b269751c8115d5b8ed7a9ecfe5cc4a656e7feb5dbd1ff
generated: "2024-09-23T17:27:41.004706+02:00"
