dependencies:
- name: memcached
  repository: https://charts.bitnami.com/bitnami
  version: 6.0.16
- name: rabbitmq
  repository: https://charts.bitnami.com/bitnami
  version: 8.32.0
- name: redis
  repository: https://charts.bitnami.com/bitnami
  version: 16.8.7
- name: postgresql
  repository: https://charts.bitnami.com/bitnami
  version: 11.1.22
digest: sha256:376a93b6d6df79610d9ba283727a95560378644bb006f4ffc2c19571453a5cad
generated: "2022-04-21T11:44:41.427111348+02:00"
